// !$*UTF8*$!
{
	archiveVersion = 1;
	classes = {
	};
	objectVersion = 50;
	objects = {

/* Begin PBXBuildFile section */
		BA376FCE22B530A300798750 /* AppDelegate.swift in Sources */ = {isa = PBXBuildFile; fileRef = BA376FCD22B530A300798750 /* AppDelegate.swift */; };
		BA376FD322B530A300798750 /* Main.storyboard in Resources */ = {isa = PBXBuildFile; fileRef = BA376FD122B530A300798750 /* Main.storyboard */; };
		BA376FD522B530A700798750 /* Assets.xcassets in Resources */ = {isa = PBXBuildFile; fileRef = BA376FD422B530A700798750 /* Assets.xcassets */; };
		BA376FD822B530A700798750 /* LaunchScreen.storyboard in Resources */ = {isa = PBXBuildFile; fileRef = BA376FD622B530A700798750 /* LaunchScreen.storyboard */; };
		BA376FE122B5373C00798750 /* Lato-Semibold.ttf in Resources */ = {isa = PBXBuildFile; fileRef = BA376FE022B5373C00798750 /* Lato-Semibold.ttf */; };
		BA376FE322B537FD00798750 /* MainScreenView.swift in Sources */ = {isa = PBXBuildFile; fileRef = BA376FE222B537FD00798750 /* MainScreenView.swift */; };
		BA376FE722B539EC00798750 /* MainScreenPresenter.swift in Sources */ = {isa = PBXBuildFile; fileRef = BA376FE622B539EC00798750 /* MainScreenPresenter.swift */; };
		BA376FEA22B53B3300798750 /* Constants.swift in Sources */ = {isa = PBXBuildFile; fileRef = BA376FE922B53B3300798750 /* Constants.swift */; };
		BA376FEE22B5731300798750 /* BookSearchManager.swift in Sources */ = {isa = PBXBuildFile; fileRef = BA376FED22B5731300798750 /* BookSearchManager.swift */; };
		BA376FF022B573A100798750 /* WishlistManager.swift in Sources */ = {isa = PBXBuildFile; fileRef = BA376FEF22B573A100798750 /* WishlistManager.swift */; };
		BA376FF222B57E8300798750 /* Lato-Regular.ttf in Resources */ = {isa = PBXBuildFile; fileRef = BA376FF122B57E8300798750 /* Lato-Regular.ttf */; };
/* End PBXBuildFile section */

/* Begin PBXFileReference section */
		BA376FCA22B530A300798750 /* OpenLibrary-BookSearch.app */ = {isa = PBXFileReference; explicitFileType = wrapper.application; includeInIndex = 0; path = "OpenLibrary-BookSearch.app"; sourceTree = BUILT_PRODUCTS_DIR; };
		BA376FCD22B530A300798750 /* AppDelegate.swift */ = {isa = PBXFileReference; lastKnownFileType = sourcecode.swift; path = AppDelegate.swift; sourceTree = "<group>"; };
		BA376FD222B530A300798750 /* Base */ = {isa = PBXFileReference; lastKnownFileType = file.storyboard; name = Base; path = Base.lproj/Main.storyboard; sourceTree = "<group>"; };
		BA376FD422B530A700798750 /* Assets.xcassets */ = {isa = PBXFileReference; lastKnownFileType = folder.assetcatalog; path = Assets.xcassets; sourceTree = "<group>"; };
		BA376FD722B530A700798750 /* Base */ = {isa = PBXFileReference; lastKnownFileType = file.storyboard; name = Base; path = Base.lproj/LaunchScreen.storyboard; sourceTree = "<group>"; };
		BA376FD922B530A700798750 /* Info.plist */ = {isa = PBXFileReference; lastKnownFileType = text.plist.xml; path = Info.plist; sourceTree = "<group>"; };
		BA376FE022B5373C00798750 /* Lato-Semibold.ttf */ = {isa = PBXFileReference; lastKnownFileType = file; path = "Lato-Semibold.ttf"; sourceTree = "<group>"; };
		BA376FE222B537FD00798750 /* MainScreenView.swift */ = {isa = PBXFileReference; lastKnownFileType = sourcecode.swift; path = MainScreenView.swift; sourceTree = "<group>"; };
		BA376FE622B539EC00798750 /* MainScreenPresenter.swift */ = {isa = PBXFileReference; lastKnownFileType = sourcecode.swift; path = MainScreenPresenter.swift; sourceTree = "<group>"; };
		BA376FE922B53B3300798750 /* Constants.swift */ = {isa = PBXFileReference; lastKnownFileType = sourcecode.swift; path = Constants.swift; sourceTree = "<group>"; };
		BA376FED22B5731300798750 /* BookSearchManager.swift */ = {isa = PBXFileReference; lastKnownFileType = sourcecode.swift; path = BookSearchManager.swift; sourceTree = "<group>"; };
		BA376FEF22B573A100798750 /* WishlistManager.swift */ = {isa = PBXFileReference; lastKnownFileType = sourcecode.swift; path = WishlistManager.swift; sourceTree = "<group>"; };
		BA376FF122B57E8300798750 /* Lato-Regular.ttf */ = {isa = PBXFileReference; lastKnownFileType = file; path = "Lato-Regular.ttf"; sourceTree = "<group>"; };
/* End PBXFileReference section */

/* Begin PBXFrameworksBuildPhase section */
		BA376FC722B530A300798750 /* Frameworks */ = {
			isa = PBXFrameworksBuildPhase;
			buildActionMask = 2147483647;
			files = (
			);
			runOnlyForDeploymentPostprocessing = 0;
		};
/* End PBXFrameworksBuildPhase section */

/* Begin PBXGroup section */
		BA376FC122B530A300798750 = {
			isa = PBXGroup;
			children = (
				BA376FCC22B530A300798750 /* OpenLibrary-BookSearch */,
				BA376FCB22B530A300798750 /* Products */,
			);
			sourceTree = "<group>";
		};
		BA376FCB22B530A300798750 /* Products */ = {
			isa = PBXGroup;
			children = (
				BA376FCA22B530A300798750 /* OpenLibrary-BookSearch.app */,
			);
			name = Products;
			sourceTree = "<group>";
		};
		BA376FCC22B530A300798750 /* OpenLibrary-BookSearch */ = {
			isa = PBXGroup;
			children = (
				BA376FEB22B572FA00798750 /* Models */,
				BA376FE822B53B2200798750 /* Constants */,
				BA376FE522B539D700798750 /* Presenters */,
				BA376FE422B5380200798750 /* Views */,
				BA376FDF22B5372500798750 /* Fonts */,
				BA376FCD22B530A300798750 /* AppDelegate.swift */,
				BA376FD122B530A300798750 /* Main.storyboard */,
				BA376FD422B530A700798750 /* Assets.xcassets */,
				BA376FD622B530A700798750 /* LaunchScreen.storyboard */,
				BA376FD922B530A700798750 /* Info.plist */,
			);
			path = "OpenLibrary-BookSearch";
			sourceTree = "<group>";
		};
		BA376FDF22B5372500798750 /* Fonts */ = {
			isa = PBXGroup;
			children = (
				BA376FF122B57E8300798750 /* Lato-Regular.ttf */,
				BA376FE022B5373C00798750 /* Lato-Semibold.ttf */,
			);
			path = Fonts;
			sourceTree = "<group>";
		};
		BA376FE422B5380200798750 /* Views */ = {
			isa = PBXGroup;
			children = (
				BA376FE222B537FD00798750 /* MainScreenView.swift */,
			);
			path = Views;
			sourceTree = "<group>";
		};
		BA376FE522B539D700798750 /* Presenters */ = {
			isa = PBXGroup;
			children = (
				BA376FE622B539EC00798750 /* MainScreenPresenter.swift */,
			);
			path = Presenters;
			sourceTree = "<group>";
		};
		BA376FE822B53B2200798750 /* Constants */ = {
			isa = PBXGroup;
			children = (
				BA376FE922B53B3300798750 /* Constants.swift */,
			);
			path = Constants;
			sourceTree = "<group>";
		};
		BA376FEB22B572FA00798750 /* Models */ = {
			isa = PBXGroup;
			children = (
				BA376FEC22B5730000798750 /* Managers */,
			);
			path = Models;
			sourceTree = "<group>";
		};
		BA376FEC22B5730000798750 /* Managers */ = {
			isa = PBXGroup;
			children = (
				BA376FED22B5731300798750 /* BookSearchManager.swift */,
				BA376FEF22B573A100798750 /* WishlistManager.swift */,
			);
			path = Managers;
			sourceTree = "<group>";
		};
/* End PBXGroup section */

/* Begin PBXNativeTarget section */
		BA376FC922B530A300798750 /* OpenLibrary-BookSearch */ = {
			isa = PBXNativeTarget;
			buildConfigurationList = BA376FDC22B530A700798750 /* Build configuration list for PBXNativeTarget "OpenLibrary-BookSearch" */;
			buildPhases = (
				BA376FC622B530A300798750 /* Sources */,
				BA376FC722B530A300798750 /* Frameworks */,
				BA376FC822B530A300798750 /* Resources */,
			);
			buildRules = (
			);
			dependencies = (
			);
			name = "OpenLibrary-BookSearch";
			productName = "OpenLibrary-BookSearch";
			productReference = BA376FCA22B530A300798750 /* OpenLibrary-BookSearch.app */;
			productType = "com.apple.product-type.application";
		};
/* End PBXNativeTarget section */

/* Begin PBXProject section */
		BA376FC222B530A300798750 /* Project object */ = {
			isa = PBXProject;
			attributes = {
				LastSwiftUpdateCheck = 1020;
				LastUpgradeCheck = 1020;
				ORGANIZATIONNAME = "Sergio Rosendo";
				TargetAttributes = {
					BA376FC922B530A300798750 = {
						CreatedOnToolsVersion = 10.2.1;
					};
				};
			};
			buildConfigurationList = BA376FC522B530A300798750 /* Build configuration list for PBXProject "OpenLibrary-BookSearch" */;
			compatibilityVersion = "Xcode 9.3";
			developmentRegion = en;
			hasScannedForEncodings = 0;
			knownRegions = (
				en,
				Base,
			);
			mainGroup = BA376FC122B530A300798750;
			productRefGroup = BA376FCB22B530A300798750 /* Products */;
			projectDirPath = "";
			projectRoot = "";
			targets = (
				BA376FC922B530A300798750 /* OpenLibrary-BookSearch */,
			);
		};
/* End PBXProject section */

/* Begin PBXResourcesBuildPhase section */
		BA376FC822B530A300798750 /* Resources */ = {
			isa = PBXResourcesBuildPhase;
			buildActionMask = 2147483647;
			files = (
				BA376FD822B530A700798750 /* LaunchScreen.storyboard in Resources */,
				BA376FE122B5373C00798750 /* Lato-Semibold.ttf in Resources */,
				BA376FF222B57E8300798750 /* Lato-Regular.ttf in Resources */,
				BA376FD522B530A700798750 /* Assets.xcassets in Resources */,
				BA376FD322B530A300798750 /* Main.storyboard in Resources */,
			);
			runOnlyForDeploymentPostprocessing = 0;
		};
/* End PBXResourcesBuildPhase section */

/* Begin PBXSourcesBuildPhase section */
		BA376FC622B530A300798750 /* Sources */ = {
			isa = PBXSourcesBuildPhase;
			buildActionMask = 2147483647;
			files = (
				BA376FCE22B530A300798750 /* AppDelegate.swift in Sources */,
				BA376FEE22B5731300798750 /* BookSearchManager.swift in Sources */,
				BA376FE322B537FD00798750 /* MainScreenView.swift in Sources */,
				BA376FE722B539EC00798750 /* MainScreenPresenter.swift in Sources */,
				BA376FF022B573A100798750 /* WishlistManager.swift in Sources */,
				BA376FEA22B53B3300798750 /* Constants.swift in Sources */,
			);
			runOnlyForDeploymentPostprocessing = 0;
		};
/* End PBXSourcesBuildPhase section */

/* Begin PBXVariantGroup section */
		BA376FD122B530A300798750 /* Main.storyboard */ = {
			isa = PBXVariantGroup;
			children = (
				BA376FD222B530A300798750 /* Base */,
			);
			name = Main.storyboard;
			sourceTree = "<group>";
		};
		BA376FD622B530A700798750 /* LaunchScreen.storyboard */ = {
			isa = PBXVariantGroup;
			children = (
				BA376FD722B530A700798750 /* Base */,
			);
			name = LaunchScreen.storyboard;
			sourceTree = "<group>";
		};
/* End PBXVariantGroup section */

/* Begin XCBuildConfiguration section */
		BA376FDA22B530A700798750 /* Debug */ = {
			isa = XCBuildConfiguration;
			buildSettings = {
				ALWAYS_SEARCH_USER_PATHS = NO;
				CLANG_ANALYZER_NONNULL = YES;
				CLANG_ANALYZER_NUMBER_OBJECT_CONVERSION = YES_AGGRESSIVE;
				CLANG_CXX_LANGUAGE_STANDARD = "gnu++14";
				CLANG_CXX_LIBRARY = "libc++";
				CLANG_ENABLE_MODULES = YES;
				CLANG_ENABLE_OBJC_ARC = YES;
				CLANG_ENABLE_OBJC_WEAK = YES;
				CLANG_WARN_BLOCK_CAPTURE_AUTORELEASING = YES;
				CLANG_WARN_BOOL_CONVERSION = YES;
				CLANG_WARN_COMMA = YES;
				CLANG_WARN_CONSTANT_CONVERSION = YES;
				CLANG_WARN_DEPRECATED_OBJC_IMPLEMENTATIONS = YES;
				CLANG_WARN_DIRECT_OBJC_ISA_USAGE = YES_ERROR;
				CLANG_WARN_DOCUMENTATION_COMMENTS = YES;
				CLANG_WARN_EMPTY_BODY = YES;
				CLANG_WARN_ENUM_CONVERSION = YES;
				CLANG_WARN_INFINITE_RECURSION = YES;
				CLANG_WARN_INT_CONVERSION = YES;
				CLANG_WARN_NON_LITERAL_NULL_CONVERSION = YES;
				CLANG_WARN_OBJC_IMPLICIT_RETAIN_SELF = YES;
				CLANG_WARN_OBJC_LITERAL_CONVERSION = YES;
				CLANG_WARN_OBJC_ROOT_CLASS = YES_ERROR;
				CLANG_WARN_RANGE_LOOP_ANALYSIS = YES;
				CLANG_WARN_STRICT_PROTOTYPES = YES;
				CLANG_WARN_SUSPICIOUS_MOVE = YES;
				CLANG_WARN_UNGUARDED_AVAILABILITY = YES_AGGRESSIVE;
				CLANG_WARN_UNREACHABLE_CODE = YES;
				CLANG_WARN__DUPLICATE_METHOD_MATCH = YES;
				CODE_SIGN_IDENTITY = "iPhone Developer";
				COPY_PHASE_STRIP = NO;
				DEBUG_INFORMATION_FORMAT = dwarf;
				ENABLE_STRICT_OBJC_MSGSEND = YES;
				ENABLE_TESTABILITY = YES;
				GCC_C_LANGUAGE_STANDARD = gnu11;
				GCC_DYNAMIC_NO_PIC = NO;
				GCC_NO_COMMON_BLOCKS = YES;
				GCC_OPTIMIZATION_LEVEL = 0;
				GCC_PREPROCESSOR_DEFINITIONS = (
					"DEBUG=1",
					"$(inherited)",
				);
				GCC_WARN_64_TO_32_BIT_CONVERSION = YES;
				GCC_WARN_ABOUT_RETURN_TYPE = YES_ERROR;
				GCC_WARN_UNDECLARED_SELECTOR = YES;
				GCC_WARN_UNINITIALIZED_AUTOS = YES_AGGRESSIVE;
				GCC_WARN_UNUSED_FUNCTION = YES;
				GCC_WARN_UNUSED_VARIABLE = YES;
				IPHONEOS_DEPLOYMENT_TARGET = 12.2;
				MTL_ENABLE_DEBUG_INFO = INCLUDE_SOURCE;
				MTL_FAST_MATH = YES;
				ONLY_ACTIVE_ARCH = YES;
				SDKROOT = iphoneos;
				SWIFT_ACTIVE_COMPILATION_CONDITIONS = DEBUG;
				SWIFT_OPTIMIZATION_LEVEL = "-Onone";
			};
			name = Debug;
		};
		BA376FDB22B530A700798750 /* Release */ = {
			isa = XCBuildConfiguration;
			buildSettings = {
				ALWAYS_SEARCH_USER_PATHS = NO;
				CLANG_ANALYZER_NONNULL = YES;
				CLANG_ANALYZER_NUMBER_OBJECT_CONVERSION = YES_AGGRESSIVE;
				CLANG_CXX_LANGUAGE_STANDARD = "gnu++14";
				CLANG_CXX_LIBRARY = "libc++";
				CLANG_ENABLE_MODULES = YES;
				CLANG_ENABLE_OBJC_ARC = YES;
				CLANG_ENABLE_OBJC_WEAK = YES;
				CLANG_WARN_BLOCK_CAPTURE_AUTORELEASING = YES;
				CLANG_WARN_BOOL_CONVERSION = YES;
				CLANG_WARN_COMMA = YES;
				CLANG_WARN_CONSTANT_CONVERSION = YES;
				CLANG_WARN_DEPRECATED_OBJC_IMPLEMENTATIONS = YES;
				CLANG_WARN_DIRECT_OBJC_ISA_USAGE = YES_ERROR;
				CLANG_WARN_DOCUMENTATION_COMMENTS = YES;
				CLANG_WARN_EMPTY_BODY = YES;
				CLANG_WARN_ENUM_CONVERSION = YES;
				CLANG_WARN_INFINITE_RECURSION = YES;
				CLANG_WARN_INT_CONVERSION = YES;
				CLANG_WARN_NON_LITERAL_NULL_CONVERSION = YES;
				CLANG_WARN_OBJC_IMPLICIT_RETAIN_SELF = YES;
				CLANG_WARN_OBJC_LITERAL_CONVERSION = YES;
				CLANG_WARN_OBJC_ROOT_CLASS = YES_ERROR;
				CLANG_WARN_RANGE_LOOP_ANALYSIS = YES;
				CLANG_WARN_STRICT_PROTOTYPES = YES;
				CLANG_WARN_SUSPICIOUS_MOVE = YES;
				CLANG_WARN_UNGUARDED_AVAILABILITY = YES_AGGRESSIVE;
				CLANG_WARN_UNREACHABLE_CODE = YES;
				CLANG_WARN__DUPLICATE_METHOD_MATCH = YES;
				CODE_SIGN_IDENTITY = "iPhone Developer";
				COPY_PHASE_STRIP = NO;
				DEBUG_INFORMATION_FORMAT = "dwarf-with-dsym";
				ENABLE_NS_ASSERTIONS = NO;
				ENABLE_STRICT_OBJC_MSGSEND = YES;
				GCC_C_LANGUAGE_STANDARD = gnu11;
				GCC_NO_COMMON_BLOCKS = YES;
				GCC_WARN_64_TO_32_BIT_CONVERSION = YES;
				GCC_WARN_ABOUT_RETURN_TYPE = YES_ERROR;
				GCC_WARN_UNDECLARED_SELECTOR = YES;
				GCC_WARN_UNINITIALIZED_AUTOS = YES_AGGRESSIVE;
				GCC_WARN_UNUSED_FUNCTION = YES;
				GCC_WARN_UNUSED_VARIABLE = YES;
				IPHONEOS_DEPLOYMENT_TARGET = 12.2;
				MTL_ENABLE_DEBUG_INFO = NO;
				MTL_FAST_MATH = YES;
				SDKROOT = iphoneos;
				SWIFT_COMPILATION_MODE = wholemodule;
				SWIFT_OPTIMIZATION_LEVEL = "-O";
				VALIDATE_PRODUCT = YES;
			};
			name = Release;
		};
		BA376FDD22B530A700798750 /* Debug */ = {
			isa = XCBuildConfiguration;
			buildSettings = {
				ASSETCATALOG_COMPILER_APPICON_NAME = AppIcon;
				CODE_SIGN_STYLE = Automatic;
				INFOPLIST_FILE = "OpenLibrary-BookSearch/Info.plist";
				LD_RUNPATH_SEARCH_PATHS = (
					"$(inherited)",
					"@executable_path/Frameworks",
				);
				PRODUCT_BUNDLE_IDENTIFIER = "Sergio-Rosendo.OpenLibrary-BookSearch";
				PRODUCT_NAME = "$(TARGET_NAME)";
				SWIFT_VERSION = 5.0;
				TARGETED_DEVICE_FAMILY = "1,2";
			};
			name = Debug;
		};
		BA376FDE22B530A700798750 /* Release */ = {
			isa = XCBuildConfiguration;
			buildSettings = {
				ASSETCATALOG_COMPILER_APPICON_NAME = AppIcon;
				CODE_SIGN_STYLE = Automatic;
				INFOPLIST_FILE = "OpenLibrary-BookSearch/Info.plist";
				LD_RUNPATH_SEARCH_PATHS = (
					"$(inherited)",
					"@executable_path/Frameworks",
				);
				PRODUCT_BUNDLE_IDENTIFIER = "Sergio-Rosendo.OpenLibrary-BookSearch";
				PRODUCT_NAME = "$(TARGET_NAME)";
				SWIFT_VERSION = 5.0;
				TARGETED_DEVICE_FAMILY = "1,2";
			};
			name = Release;
		};
/* End XCBuildConfiguration section */

/* Begin XCConfigurationList section */
		BA376FC522B530A300798750 /* Build configuration list for PBXProject "OpenLibrary-BookSearch" */ = {
			isa = XCConfigurationList;
			buildConfigurations = (
				BA376FDA22B530A700798750 /* Debug */,
				BA376FDB22B530A700798750 /* Release */,
			);
			defaultConfigurationIsVisible = 0;
			defaultConfigurationName = Release;
		};
		BA376FDC22B530A700798750 /* Build configuration list for PBXNativeTarget "OpenLibrary-BookSearch" */ = {
			isa = XCConfigurationList;
			buildConfigurations = (
				BA376FDD22B530A700798750 /* Debug */,
				BA376FDE22B530A700798750 /* Release */,
			);
			defaultConfigurationIsVisible = 0;
			defaultConfigurationName = Release;
		};
/* End XCConfigurationList section */
	};
	rootObject = BA376FC222B530A300798750 /* Project object */;
}
